
Microsoft Visual Studio Solution File, Format Version 12.00
# Visual Studio Version 17
VisualStudioVersion = 17.9.34622.214
MinimumVisualStudioVersion = 10.0.40219.1
Project("{FAE04EC0-301F-11D3-BF4B-00C04F79EFBC}") = "BMI-Calculator", "BMI-Calculator\BMI-Calculator.csproj", "{3AA39F06-8427-413A-905E-66D2A4C49507}"
EndProject
Global
	GlobalSection(SolutionConfigurationPlatforms) = preSolution
		Debug|Any CPU = Debug|Any CPU
		Release|Any CPU = Release|Any CPU
	EndGlobalSection
	GlobalSection(ProjectConfigurationPlatforms) = postSolution
		{3AA39F06-8427-413A-905E-66D2A4C49507}.Debug|Any CPU.ActiveCfg = Debug|Any CPU
		{3AA39F06-8427-413A-905E-66D2A4C49507}.Debug|Any CPU.Build.0 = Debug|Any CPU
		{3AA39F06-8427-413A-905E-66D2A4C49507}.Release|Any CPU.ActiveCfg = Release|Any CPU
		{3AA39F06-8427-413A-905E-66D2A4C49507}.Release|Any CPU.Build.0 = Release|Any CPU
	EndGlobalSection
	GlobalSection(SolutionProperties) = preSolution
		HideSolutionNode = FALSE
	EndGlobalSection
	GlobalSection(ExtensibilityGlobals) = postSolution
		SolutionGuid = {945E1600-9C57-462E-9972-7D769713B565}
	EndGlobalSection
EndGlobal
